
Microsoft Visual Studio Solution File, Format Version 12.00
# Visual Studio Version 17
VisualStudioVersion = 17.5.33516.290
MinimumVisualStudioVersion = 10.0.40219.1
Project("{FAE04EC0-301F-11D3-BF4B-00C04F79EFBC}") = "HW4_CS", "HW4_CS\HW4_CS.csproj", "{6F89B2E3-7282-45B7-A03D-7909B88AF1DC}"
EndProject
Global
	GlobalSection(SolutionConfigurationPlatforms) = preSolution
		Debug|Any CPU = Debug|Any CPU
		Release|Any CPU = Release|Any CPU
	EndGlobalSection
	GlobalSection(ProjectConfigurationPlatforms) = postSolution
		{6F89B2E3-7282-45B7-A03D-7909B88AF1DC}.Debug|Any CPU.ActiveCfg = Debug|Any CPU
		{6F89B2E3-7282-45B7-A03D-7909B88AF1DC}.Debug|Any CPU.Build.0 = Debug|Any CPU
		{6F89B2E3-7282-45B7-A03D-7909B88AF1DC}.Release|Any CPU.ActiveCfg = Release|Any CPU
		{6F89B2E3-7282-45B7-A03D-7909B88AF1DC}.Release|Any CPU.Build.0 = Release|Any CPU
	EndGlobalSection
	GlobalSection(SolutionProperties) = preSolution
		HideSolutionNode = FALSE
	EndGlobalSection
	GlobalSection(ExtensibilityGlobals) = postSolution
		SolutionGuid = {B1DECC18-0004-4050-A54B-3057D2812C85}
	EndGlobalSection
EndGlobal
